
Microsoft Visual Studio Solution File, Format Version 12.00
# Visual Studio Version 17
VisualStudioVersion = 17.14.36915.13 d17.14
MinimumVisualStudioVersion = 10.0.40219.1
Project("{FAE04EC0-301F-11D3-BF4B-00C04F79EFBC}") = "NotesApp", "NotesApp.csproj", "{557D0F41-2E40-451F-BA68-D08A358A41AA}"
EndProject
Global
	GlobalSection(SolutionConfigurationPlatforms) = preSolution
		Debug|Any CPU = Debug|Any CPU
		Release|Any CPU = Release|Any CPU
	EndGlobalSection
	GlobalSection(ProjectConfigurationPlatforms) = postSolution
		{557D0F41-2E40-451F-BA68-D08A358A41AA}.Debug|Any CPU.ActiveCfg = Debug|Any CPU
		{557D0F41-2E40-451F-BA68-D08A358A41AA}.Debug|Any CPU.Build.0 = Debug|Any CPU
		{557D0F41-2E40-451F-BA68-D08A358A41AA}.Release|Any CPU.ActiveCfg = Release|Any CPU
		{557D0F41-2E40-451F-BA68-D08A358A41AA}.Release|Any CPU.Build.0 = Release|Any CPU
	EndGlobalSection
	GlobalSection(SolutionProperties) = preSolution
		HideSolutionNode = FALSE
	EndGlobalSection
	GlobalSection(ExtensibilityGlobals) = postSolution
		SolutionGuid = {D39891CE-9E48-4BCA-8938-B2B559C96011}
	EndGlobalSection
EndGlobal
